
Microsoft Visual Studio Solution File, Format Version 11.00
# Visual Studio 2010
Project("{8BC9CEB8-8B4A-11D0-8D11-00A0C91BC942}") = "GGE", "GGE.vcxproj", "{8FB6900A-F27B-4617-BFEA-6CC955F6916C}"
EndProject
Project("{8BC9CEB8-8B4A-11D0-8D11-00A0C91BC942}") = "Test", "..\Test\Test.vcxproj", "{4DF7704E-4654-49CA-86C4-A095ADB1D915}"
	ProjectSection(ProjectDependencies) = postProject
		{8FB6900A-F27B-4617-BFEA-6CC955F6916C} = {8FB6900A-F27B-4617-BFEA-6CC955F6916C}
	EndProjectSection
EndProject
Global
	GlobalSection(SolutionConfigurationPlatforms) = preSolution
		Debug|Win32 = Debug|Win32
		Release|Win32 = Release|Win32
	EndGlobalSection
	GlobalSection(ProjectConfigurationPlatforms) = postSolution
		{8FB6900A-F27B-4617-BFEA-6CC955F6916C}.Debug|Win32.ActiveCfg = Debug|Win32
		{8FB6900A-F27B-4617-BFEA-6CC955F6916C}.Debug|Win32.Build.0 = Debug|Win32
		{8FB6900A-F27B-4617-BFEA-6CC955F6916C}.Release|Win32.ActiveCfg = Release|Win32
		{8FB6900A-F27B-4617-BFEA-6CC955F6916C}.Release|Win32.Build.0 = Release|Win32
		{4DF7704E-4654-49CA-86C4-A095ADB1D915}.Debug|Win32.ActiveCfg = Debug|Win32
		{4DF7704E-4654-49CA-86C4-A095ADB1D915}.Debug|Win32.Build.0 = Debug|Win32
		{4DF7704E-4654-49CA-86C4-A095ADB1D915}.Release|Win32.ActiveCfg = Release|Win32
		{4DF7704E-4654-49CA-86C4-A095ADB1D915}.Release|Win32.Build.0 = Release|Win32
	EndGlobalSection
	GlobalSection(SolutionProperties) = preSolution
		HideSolutionNode = FALSE
	EndGlobalSection
EndGlobal
